
Microsoft Visual Studio Solution File, Format Version 12.00
# Visual Studio Version 17
VisualStudioVersion = 17.11.35208.52
MinimumVisualStudioVersion = 10.0.40219.1
Project("{FAE04EC0-301F-11D3-BF4B-00C04F79EFBC}") = "GoGa", "GoGa\GoGa.csproj", "{330BAA7E-1089-4865-9B15-0CF55705EFB2}"
EndProject
Global
	GlobalSection(SolutionConfigurationPlatforms) = preSolution
		Debug|Any CPU = Debug|Any CPU
		Release|Any CPU = Release|Any CPU
	EndGlobalSection
	GlobalSection(ProjectConfigurationPlatforms) = postSolution
		{330BAA7E-1089-4865-9B15-0CF55705EFB2}.Debug|Any CPU.ActiveCfg = Debug|Any CPU
		{330BAA7E-1089-4865-9B15-0CF55705EFB2}.Debug|Any CPU.Build.0 = Debug|Any CPU
		{330BAA7E-1089-4865-9B15-0CF55705EFB2}.Release|Any CPU.ActiveCfg = Release|Any CPU
		{330BAA7E-1089-4865-9B15-0CF55705EFB2}.Release|Any CPU.Build.0 = Release|Any CPU
	EndGlobalSection
	GlobalSection(SolutionProperties) = preSolution
		HideSolutionNode = FALSE
	EndGlobalSection
	GlobalSection(ExtensibilityGlobals) = postSolution
		SolutionGuid = {3CAD1483-B705-4D45-9968-F64DEB71A2B3}
	EndGlobalSection
EndGlobal
